
Microsoft Visual Studio Solution File, Format Version 12.00
# Visual Studio Version 16
VisualStudioVersion = 16.0.33027.164
MinimumVisualStudioVersion = 10.0.40219.1
Project("{FAE04EC0-301F-11D3-BF4B-00C04F79EFBC}") = "eTickets", "eTickets\eTickets.csproj", "{B418D3A3-03F5-475E-9938-AA1C254C76E8}"
EndProject
Global
	GlobalSection(SolutionConfigurationPlatforms) = preSolution
		Debug|Any CPU = Debug|Any CPU
		Release|Any CPU = Release|Any CPU
	EndGlobalSection
	GlobalSection(ProjectConfigurationPlatforms) = postSolution
		{B418D3A3-03F5-475E-9938-AA1C254C76E8}.Debug|Any CPU.ActiveCfg = Debug|Any CPU
		{B418D3A3-03F5-475E-9938-AA1C254C76E8}.Debug|Any CPU.Build.0 = Debug|Any CPU
		{B418D3A3-03F5-475E-9938-AA1C254C76E8}.Release|Any CPU.ActiveCfg = Release|Any CPU
		{B418D3A3-03F5-475E-9938-AA1C254C76E8}.Release|Any CPU.Build.0 = Release|Any CPU
	EndGlobalSection
	GlobalSection(SolutionProperties) = preSolution
		HideSolutionNode = FALSE
	EndGlobalSection
	GlobalSection(ExtensibilityGlobals) = postSolution
		SolutionGuid = {46BA42E9-2D9C-4B4E-A693-9D5194F9EF52}
	EndGlobalSection
EndGlobal
